// !$*UTF8*$!
{
	archiveVersion = 1;
	classes = {
	};
	objectVersion = 50;
	objects = {

/* Begin PBXBuildFile section */
		1B1CF3BC491AA566A32A9AF7 /* Pods_Enablon_Response.framework in Frameworks */ = {isa = PBXBuildFile; fileRef = 9EE06CA6EE6408A717B7E6DE /* Pods_Enablon_Response.framework */; };
		99050A762217213B00417FB2 /* AppDelegate.swift in Sources */ = {isa = PBXBuildFile; fileRef = 99050A752217213B00417FB2 /* AppDelegate.swift */; };
		99050A782217213B00417FB2 /* ViewController.swift in Sources */ = {isa = PBXBuildFile; fileRef = 99050A772217213B00417FB2 /* ViewController.swift */; };
		99050A7B2217213B00417FB2 /* Main.storyboard in Resources */ = {isa = PBXBuildFile; fileRef = 99050A792217213B00417FB2 /* Main.storyboard */; };
		99050A7E2217213B00417FB2 /* Enablon_Response.xcdatamodeld in Sources */ = {isa = PBXBuildFile; fileRef = 99050A7C2217213B00417FB2 /* Enablon_Response.xcdatamodeld */; };
		99050A802217213C00417FB2 /* Assets.xcassets in Resources */ = {isa = PBXBuildFile; fileRef = 99050A7F2217213C00417FB2 /* Assets.xcassets */; };
		99050A832217213C00417FB2 /* LaunchScreen.storyboard in Resources */ = {isa = PBXBuildFile; fileRef = 99050A812217213C00417FB2 /* LaunchScreen.storyboard */; };
		9933BDA02268E58B0001FB74 /* AlertDetailViewController.swift in Sources */ = {isa = PBXBuildFile; fileRef = 9933BD9F2268E58B0001FB74 /* AlertDetailViewController.swift */; };
		995CF63B2265068C00393E5A /* AlertsListTableViewController.swift in Sources */ = {isa = PBXBuildFile; fileRef = 995CF63A2265068C00393E5A /* AlertsListTableViewController.swift */; };
		995CF63D226513A600393E5A /* AlertCell.swift in Sources */ = {isa = PBXBuildFile; fileRef = 995CF63C226513A600393E5A /* AlertCell.swift */; };
		99BC188C221CA27900E7D4A7 /* Alert.swift in Sources */ = {isa = PBXBuildFile; fileRef = 99BC188B221CA27900E7D4A7 /* Alert.swift */; };
/* End PBXBuildFile section */

/* Begin PBXFileReference section */
		070CF42C200D2898641D7636 /* Pods-Enablon Response.debug.xcconfig */ = {isa = PBXFileReference; includeInIndex = 1; lastKnownFileType = text.xcconfig; name = "Pods-Enablon Response.debug.xcconfig"; path = "Target Support Files/Pods-Enablon Response/Pods-Enablon Response.debug.xcconfig"; sourceTree = "<group>"; };
		830BF15B0E44A726DF02E4AE /* Pods-Enablon Response.release.xcconfig */ = {isa = PBXFileReference; includeInIndex = 1; lastKnownFileType = text.xcconfig; name = "Pods-Enablon Response.release.xcconfig"; path = "Target Support Files/Pods-Enablon Response/Pods-Enablon Response.release.xcconfig"; sourceTree = "<group>"; };
		99050A722217213B00417FB2 /* Enablon Response.app */ = {isa = PBXFileReference; explicitFileType = wrapper.application; includeInIndex = 0; path = "Enablon Response.app"; sourceTree = BUILT_PRODUCTS_DIR; };
		99050A752217213B00417FB2 /* AppDelegate.swift */ = {isa = PBXFileReference; lastKnownFileType = sourcecode.swift; path = AppDelegate.swift; sourceTree = "<group>"; };
		99050A772217213B00417FB2 /* ViewController.swift */ = {isa = PBXFileReference; lastKnownFileType = sourcecode.swift; path = ViewController.swift; sourceTree = "<group>"; };
		99050A7A2217213B00417FB2 /* Base */ = {isa = PBXFileReference; lastKnownFileType = file.storyboard; name = Base; path = Base.lproj/Main.storyboard; sourceTree = "<group>"; };
		99050A7D2217213B00417FB2 /* Enablon_Response.xcdatamodel */ = {isa = PBXFileReference; lastKnownFileType = wrapper.xcdatamodel; path = Enablon_Response.xcdatamodel; sourceTree = "<group>"; };
		99050A7F2217213C00417FB2 /* Assets.xcassets */ = {isa = PBXFileReference; lastKnownFileType = folder.assetcatalog; path = Assets.xcassets; sourceTree = "<group>"; };
		99050A822217213C00417FB2 /* Base */ = {isa = PBXFileReference; lastKnownFileType = file.storyboard; name = Base; path = Base.lproj/LaunchScreen.storyboard; sourceTree = "<group>"; };
		99050A842217213C00417FB2 /* Info.plist */ = {isa = PBXFileReference; lastKnownFileType = text.plist.xml; path = Info.plist; sourceTree = "<group>"; };
		9933BD9F2268E58B0001FB74 /* AlertDetailViewController.swift */ = {isa = PBXFileReference; lastKnownFileType = sourcecode.swift; path = AlertDetailViewController.swift; sourceTree = "<group>"; };
		995CF63A2265068C00393E5A /* AlertsListTableViewController.swift */ = {isa = PBXFileReference; lastKnownFileType = sourcecode.swift; path = AlertsListTableViewController.swift; sourceTree = "<group>"; };
		995CF63C226513A600393E5A /* AlertCell.swift */ = {isa = PBXFileReference; lastKnownFileType = sourcecode.swift; path = AlertCell.swift; sourceTree = "<group>"; };
		99BC188B221CA27900E7D4A7 /* Alert.swift */ = {isa = PBXFileReference; lastKnownFileType = sourcecode.swift; path = Alert.swift; sourceTree = "<group>"; };
		9EE06CA6EE6408A717B7E6DE /* Pods_Enablon_Response.framework */ = {isa = PBXFileReference; explicitFileType = wrapper.framework; includeInIndex = 0; path = Pods_Enablon_Response.framework; sourceTree = BUILT_PRODUCTS_DIR; };
/* End PBXFileReference section */

/* Begin PBXFrameworksBuildPhase section */
		99050A6F2217213B00417FB2 /* Frameworks */ = {
			isa = PBXFrameworksBuildPhase;
			buildActionMask = 2147483647;
			files = (
				1B1CF3BC491AA566A32A9AF7 /* Pods_Enablon_Response.framework in Frameworks */,
			);
			runOnlyForDeploymentPostprocessing = 0;
		};
/* End PBXFrameworksBuildPhase section */

/* Begin PBXGroup section */
		82C349F8A9719FB236111F2F /* Pods */ = {
			isa = PBXGroup;
			children = (
				070CF42C200D2898641D7636 /* Pods-Enablon Response.debug.xcconfig */,
				830BF15B0E44A726DF02E4AE /* Pods-Enablon Response.release.xcconfig */,
			);
			path = Pods;
			sourceTree = "<group>";
		};
		99050A692217213B00417FB2 = {
			isa = PBXGroup;
			children = (
				99050A742217213B00417FB2 /* Enablon Response */,
				99050A732217213B00417FB2 /* Products */,
				82C349F8A9719FB236111F2F /* Pods */,
				A9D4030427662682AA7C3837 /* Frameworks */,
			);
			sourceTree = "<group>";
		};
		99050A732217213B00417FB2 /* Products */ = {
			isa = PBXGroup;
			children = (
				99050A722217213B00417FB2 /* Enablon Response.app */,
			);
			name = Products;
			sourceTree = "<group>";
		};
		99050A742217213B00417FB2 /* Enablon Response */ = {
			isa = PBXGroup;
			children = (
				99050A752217213B00417FB2 /* AppDelegate.swift */,
				99050A772217213B00417FB2 /* ViewController.swift */,
				99BC188B221CA27900E7D4A7 /* Alert.swift */,
				99050A792217213B00417FB2 /* Main.storyboard */,
				995CF63A2265068C00393E5A /* AlertsListTableViewController.swift */,
				9933BD9F2268E58B0001FB74 /* AlertDetailViewController.swift */,
				995CF63C226513A600393E5A /* AlertCell.swift */,
				99050A7F2217213C00417FB2 /* Assets.xcassets */,
				99050A812217213C00417FB2 /* LaunchScreen.storyboard */,
				99050A842217213C00417FB2 /* Info.plist */,
				99050A7C2217213B00417FB2 /* Enablon_Response.xcdatamodeld */,
			);
			path = "Enablon Response";
			sourceTree = "<group>";
		};
		A9D4030427662682AA7C3837 /* Frameworks */ = {
			isa = PBXGroup;
			children = (
				9EE06CA6EE6408A717B7E6DE /* Pods_Enablon_Response.framework */,
			);
			name = Frameworks;
			sourceTree = "<group>";
		};
/* End PBXGroup section */

/* Begin PBXNativeTarget section */
		99050A712217213B00417FB2 /* Enablon Response */ = {
			isa = PBXNativeTarget;
			buildConfigurationList = 99050A872217213C00417FB2 /* Build configuration list for PBXNativeTarget "Enablon Response" */;
			buildPhases = (
				9E494916326F3DA29CDC4221 /* [CP] Check Pods Manifest.lock */,
				99050A6E2217213B00417FB2 /* Sources */,
				99050A6F2217213B00417FB2 /* Frameworks */,
				99050A702217213B00417FB2 /* Resources */,
				3EBAD542AB3FE162579EAA8E /* [CP] Embed Pods Frameworks */,
			);
			buildRules = (
			);
			dependencies = (
			);
			name = "Enablon Response";
			productName = "Enablon Response";
			productReference = 99050A722217213B00417FB2 /* Enablon Response.app */;
			productType = "com.apple.product-type.application";
		};
/* End PBXNativeTarget section */

/* Begin PBXProject section */
		99050A6A2217213B00417FB2 /* Project object */ = {
			isa = PBXProject;
			attributes = {
				LastSwiftUpdateCheck = 1010;
				LastUpgradeCheck = 1010;
				ORGANIZATIONNAME = "Josh Kaplan";
				TargetAttributes = {
					99050A712217213B00417FB2 = {
						CreatedOnToolsVersion = 10.1;
					};
				};
			};
			buildConfigurationList = 99050A6D2217213B00417FB2 /* Build configuration list for PBXProject "Enablon Response" */;
			compatibilityVersion = "Xcode 9.3";
			developmentRegion = en;
			hasScannedForEncodings = 0;
			knownRegions = (
				en,
				Base,
			);
			mainGroup = 99050A692217213B00417FB2;
			productRefGroup = 99050A732217213B00417FB2 /* Products */;
			projectDirPath = "";
			projectRoot = "";
			targets = (
				99050A712217213B00417FB2 /* Enablon Response */,
			);
		};
/* End PBXProject section */

/* Begin PBXResourcesBuildPhase section */
		99050A702217213B00417FB2 /* Resources */ = {
			isa = PBXResourcesBuildPhase;
			buildActionMask = 2147483647;
			files = (
				99050A832217213C00417FB2 /* LaunchScreen.storyboard in Resources */,
				99050A802217213C00417FB2 /* Assets.xcassets in Resources */,
				99050A7B2217213B00417FB2 /* Main.storyboard in Resources */,
			);
			runOnlyForDeploymentPostprocessing = 0;
		};
/* End PBXResourcesBuildPhase section */

/* Begin PBXShellScriptBuildPhase section */
		3EBAD542AB3FE162579EAA8E /* [CP] Embed Pods Frameworks */ = {
			isa = PBXShellScriptBuildPhase;
			buildActionMask = 2147483647;
			files = (
			);
			inputFileListPaths = (
			);
			inputPaths = (
				"${PODS_ROOT}/Target Support Files/Pods-Enablon Response/Pods-Enablon Response-frameworks.sh",
				"${BUILT_PRODUCTS_DIR}/BoringSSL-GRPC/openssl_grpc.framework",
				"${BUILT_PRODUCTS_DIR}/Eureka/Eureka.framework",
				"${BUILT_PRODUCTS_DIR}/GoogleUtilities/GoogleUtilities.framework",
				"${BUILT_PRODUCTS_DIR}/Protobuf/Protobuf.framework",
				"${BUILT_PRODUCTS_DIR}/gRPC-C++/grpcpp.framework",
				"${BUILT_PRODUCTS_DIR}/gRPC-Core/grpc.framework",
				"${BUILT_PRODUCTS_DIR}/leveldb-library/leveldb.framework",
				"${BUILT_PRODUCTS_DIR}/nanopb/nanopb.framework",
			);
			name = "[CP] Embed Pods Frameworks";
			outputFileListPaths = (
			);
			outputPaths = (
				"${TARGET_BUILD_DIR}/${FRAMEWORKS_FOLDER_PATH}/openssl_grpc.framework",
				"${TARGET_BUILD_DIR}/${FRAMEWORKS_FOLDER_PATH}/Eureka.framework",
				"${TARGET_BUILD_DIR}/${FRAMEWORKS_FOLDER_PATH}/GoogleUtilities.framework",
				"${TARGET_BUILD_DIR}/${FRAMEWORKS_FOLDER_PATH}/Protobuf.framework",
				"${TARGET_BUILD_DIR}/${FRAMEWORKS_FOLDER_PATH}/grpcpp.framework",
				"${TARGET_BUILD_DIR}/${FRAMEWORKS_FOLDER_PATH}/grpc.framework",
				"${TARGET_BUILD_DIR}/${FRAMEWORKS_FOLDER_PATH}/leveldb.framework",
				"${TARGET_BUILD_DIR}/${FRAMEWORKS_FOLDER_PATH}/nanopb.framework",
			);
			runOnlyForDeploymentPostprocessing = 0;
			shellPath = /bin/sh;
			shellScript = "\"${PODS_ROOT}/Target Support Files/Pods-Enablon Response/Pods-Enablon Response-frameworks.sh\"\n";
			showEnvVarsInLog = 0;
		};
		9E494916326F3DA29CDC4221 /* [CP] Check Pods Manifest.lock */ = {
			isa = PBXShellScriptBuildPhase;
			buildActionMask = 2147483647;
			files = (
			);
			inputFileListPaths = (
			);
			inputPaths = (
				"${PODS_PODFILE_DIR_PATH}/Podfile.lock",
				"${PODS_ROOT}/Manifest.lock",
			);
			name = "[CP] Check Pods Manifest.lock";
			outputFileListPaths = (
			);
			outputPaths = (
				"$(DERIVED_FILE_DIR)/Pods-Enablon Response-checkManifestLockResult.txt",
			);
			runOnlyForDeploymentPostprocessing = 0;
			shellPath = /bin/sh;
			shellScript = "diff \"${PODS_PODFILE_DIR_PATH}/Podfile.lock\" \"${PODS_ROOT}/Manifest.lock\" > /dev/null\nif [ $? != 0 ] ; then\n    # print error to STDERR\n    echo \"error: The sandbox is not in sync with the Podfile.lock. Run 'pod install' or update your CocoaPods installation.\" >&2\n    exit 1\nfi\n# This output is used by Xcode 'outputs' to avoid re-running this script phase.\necho \"SUCCESS\" > \"${SCRIPT_OUTPUT_FILE_0}\"\n";
			showEnvVarsInLog = 0;
		};
/* End PBXShellScriptBuildPhase section */

/* Begin PBXSourcesBuildPhase section */
		99050A6E2217213B00417FB2 /* Sources */ = {
			isa = PBXSourcesBuildPhase;
			buildActionMask = 2147483647;
			files = (
				995CF63D226513A600393E5A /* AlertCell.swift in Sources */,
				99050A782217213B00417FB2 /* ViewController.swift in Sources */,
				99050A7E2217213B00417FB2 /* Enablon_Response.xcdatamodeld in Sources */,
				99BC188C221CA27900E7D4A7 /* Alert.swift in Sources */,
				9933BDA02268E58B0001FB74 /* AlertDetailViewController.swift in Sources */,
				995CF63B2265068C00393E5A /* AlertsListTableViewController.swift in Sources */,
				99050A762217213B00417FB2 /* AppDelegate.swift in Sources */,
			);
			runOnlyForDeploymentPostprocessing = 0;
		};
/* End PBXSourcesBuildPhase section */

/* Begin PBXVariantGroup section */
		99050A792217213B00417FB2 /* Main.storyboard */ = {
			isa = PBXVariantGroup;
			children = (
				99050A7A2217213B00417FB2 /* Base */,
			);
			name = Main.storyboard;
			sourceTree = "<group>";
		};
		99050A812217213C00417FB2 /* LaunchScreen.storyboard */ = {
			isa = PBXVariantGroup;
			children = (
				99050A822217213C00417FB2 /* Base */,
			);
			name = LaunchScreen.storyboard;
			sourceTree = "<group>";
		};
/* End PBXVariantGroup section */

/* Begin XCBuildConfiguration section */
		99050A852217213C00417FB2 /* Debug */ = {
			isa = XCBuildConfiguration;
			buildSettings = {
				ALWAYS_SEARCH_USER_PATHS = NO;
				CLANG_ANALYZER_NONNULL = YES;
				CLANG_ANALYZER_NUMBER_OBJECT_CONVERSION = YES_AGGRESSIVE;
				CLANG_CXX_LANGUAGE_STANDARD = "gnu++14";
				CLANG_CXX_LIBRARY = "libc++";
				CLANG_ENABLE_MODULES = YES;
				CLANG_ENABLE_OBJC_ARC = YES;
				CLANG_ENABLE_OBJC_WEAK = YES;
				CLANG_WARN_BLOCK_CAPTURE_AUTORELEASING = YES;
				CLANG_WARN_BOOL_CONVERSION = YES;
				CLANG_WARN_COMMA = YES;
				CLANG_WARN_CONSTANT_CONVERSION = YES;
				CLANG_WARN_DEPRECATED_OBJC_IMPLEMENTATIONS = YES;
				CLANG_WARN_DIRECT_OBJC_ISA_USAGE = YES_ERROR;
				CLANG_WARN_DOCUMENTATION_COMMENTS = YES;
				CLANG_WARN_EMPTY_BODY = YES;
				CLANG_WARN_ENUM_CONVERSION = YES;
				CLANG_WARN_INFINITE_RECURSION = YES;
				CLANG_WARN_INT_CONVERSION = YES;
				CLANG_WARN_NON_LITERAL_NULL_CONVERSION = YES;
				CLANG_WARN_OBJC_IMPLICIT_RETAIN_SELF = YES;
				CLANG_WARN_OBJC_LITERAL_CONVERSION = YES;
				CLANG_WARN_OBJC_ROOT_CLASS = YES_ERROR;
				CLANG_WARN_RANGE_LOOP_ANALYSIS = YES;
				CLANG_WARN_STRICT_PROTOTYPES = YES;
				CLANG_WARN_SUSPICIOUS_MOVE = YES;
				CLANG_WARN_UNGUARDED_AVAILABILITY = YES_AGGRESSIVE;
				CLANG_WARN_UNREACHABLE_CODE = YES;
				CLANG_WARN__DUPLICATE_METHOD_MATCH = YES;
				CODE_SIGN_IDENTITY = "iPhone Developer";
				COPY_PHASE_STRIP = NO;
				DEBUG_INFORMATION_FORMAT = dwarf;
				ENABLE_STRICT_OBJC_MSGSEND = YES;
				ENABLE_TESTABILITY = YES;
				GCC_C_LANGUAGE_STANDARD = gnu11;
				GCC_DYNAMIC_NO_PIC = NO;
				GCC_NO_COMMON_BLOCKS = YES;
				GCC_OPTIMIZATION_LEVEL = 0;
				GCC_PREPROCESSOR_DEFINITIONS = (
					"DEBUG=1",
					"$(inherited)",
				);
				GCC_WARN_64_TO_32_BIT_CONVERSION = YES;
				GCC_WARN_ABOUT_RETURN_TYPE = YES_ERROR;
				GCC_WARN_UNDECLARED_SELECTOR = YES;
				GCC_WARN_UNINITIALIZED_AUTOS = YES_AGGRESSIVE;
				GCC_WARN_UNUSED_FUNCTION = YES;
				GCC_WARN_UNUSED_VARIABLE = YES;
				IPHONEOS_DEPLOYMENT_TARGET = 12.1;
				MTL_ENABLE_DEBUG_INFO = INCLUDE_SOURCE;
				MTL_FAST_MATH = YES;
				ONLY_ACTIVE_ARCH = YES;
				SDKROOT = iphoneos;
				SWIFT_ACTIVE_COMPILATION_CONDITIONS = DEBUG;
				SWIFT_OPTIMIZATION_LEVEL = "-Onone";
			};
			name = Debug;
		};
		99050A862217213C00417FB2 /* Release */ = {
			isa = XCBuildConfiguration;
			buildSettings = {
				ALWAYS_SEARCH_USER_PATHS = NO;
				CLANG_ANALYZER_NONNULL = YES;
				CLANG_ANALYZER_NUMBER_OBJECT_CONVERSION = YES_AGGRESSIVE;
				CLANG_CXX_LANGUAGE_STANDARD = "gnu++14";
				CLANG_CXX_LIBRARY = "libc++";
				CLANG_ENABLE_MODULES = YES;
				CLANG_ENABLE_OBJC_ARC = YES;
				CLANG_ENABLE_OBJC_WEAK = YES;
				CLANG_WARN_BLOCK_CAPTURE_AUTORELEASING = YES;
				CLANG_WARN_BOOL_CONVERSION = YES;
				CLANG_WARN_COMMA = YES;
				CLANG_WARN_CONSTANT_CONVERSION = YES;
				CLANG_WARN_DEPRECATED_OBJC_IMPLEMENTATIONS = YES;
				CLANG_WARN_DIRECT_OBJC_ISA_USAGE = YES_ERROR;
				CLANG_WARN_DOCUMENTATION_COMMENTS = YES;
				CLANG_WARN_EMPTY_BODY = YES;
				CLANG_WARN_ENUM_CONVERSION = YES;
				CLANG_WARN_INFINITE_RECURSION = YES;
				CLANG_WARN_INT_CONVERSION = YES;
				CLANG_WARN_NON_LITERAL_NULL_CONVERSION = YES;
				CLANG_WARN_OBJC_IMPLICIT_RETAIN_SELF = YES;
				CLANG_WARN_OBJC_LITERAL_CONVERSION = YES;
				CLANG_WARN_OBJC_ROOT_CLASS = YES_ERROR;
				CLANG_WARN_RANGE_LOOP_ANALYSIS = YES;
				CLANG_WARN_STRICT_PROTOTYPES = YES;
				CLANG_WARN_SUSPICIOUS_MOVE = YES;
				CLANG_WARN_UNGUARDED_AVAILABILITY = YES_AGGRESSIVE;
				CLANG_WARN_UNREACHABLE_CODE = YES;
				CLANG_WARN__DUPLICATE_METHOD_MATCH = YES;
				CODE_SIGN_IDENTITY = "iPhone Developer";
				COPY_PHASE_STRIP = NO;
				DEBUG_INFORMATION_FORMAT = "dwarf-with-dsym";
				ENABLE_NS_ASSERTIONS = NO;
				ENABLE_STRICT_OBJC_MSGSEND = YES;
				GCC_C_LANGUAGE_STANDARD = gnu11;
				GCC_NO_COMMON_BLOCKS = YES;
				GCC_WARN_64_TO_32_BIT_CONVERSION = YES;
				GCC_WARN_ABOUT_RETURN_TYPE = YES_ERROR;
				GCC_WARN_UNDECLARED_SELECTOR = YES;
				GCC_WARN_UNINITIALIZED_AUTOS = YES_AGGRESSIVE;
				GCC_WARN_UNUSED_FUNCTION = YES;
				GCC_WARN_UNUSED_VARIABLE = YES;
				IPHONEOS_DEPLOYMENT_TARGET = 12.1;
				MTL_ENABLE_DEBUG_INFO = NO;
				MTL_FAST_MATH = YES;
				SDKROOT = iphoneos;
				SWIFT_COMPILATION_MODE = wholemodule;
				SWIFT_OPTIMIZATION_LEVEL = "-O";
				VALIDATE_PRODUCT = YES;
			};
			name = Release;
		};
		99050A882217213C00417FB2 /* Debug */ = {
			isa = XCBuildConfiguration;
			baseConfigurationReference = 070CF42C200D2898641D7636 /* Pods-Enablon Response.debug.xcconfig */;
			buildSettings = {
				ASSETCATALOG_COMPILER_APPICON_NAME = AppIcon;
				CODE_SIGN_IDENTITY = "iPhone Developer";
				CODE_SIGN_STYLE = Automatic;
				DEVELOPMENT_TEAM = 35GUHGAHK9;
				INFOPLIST_FILE = "Enablon Response/Info.plist";
				LD_RUNPATH_SEARCH_PATHS = (
					"$(inherited)",
					"@executable_path/Frameworks",
				);
				PRODUCT_BUNDLE_IDENTIFIER = com.enablon.Response;
				PRODUCT_NAME = "$(TARGET_NAME)";
				PROVISIONING_PROFILE_SPECIFIER = "";
				SWIFT_VERSION = 4.2;
				TARGETED_DEVICE_FAMILY = 1;
			};
			name = Debug;
		};
		99050A892217213C00417FB2 /* Release */ = {
			isa = XCBuildConfiguration;
			baseConfigurationReference = 830BF15B0E44A726DF02E4AE /* Pods-Enablon Response.release.xcconfig */;
			buildSettings = {
				ASSETCATALOG_COMPILER_APPICON_NAME = AppIcon;
				CODE_SIGN_IDENTITY = "iPhone Developer";
				CODE_SIGN_STYLE = Automatic;
				DEVELOPMENT_TEAM = 35GUHGAHK9;
				INFOPLIST_FILE = "Enablon Response/Info.plist";
				LD_RUNPATH_SEARCH_PATHS = (
					"$(inherited)",
					"@executable_path/Frameworks",
				);
				PRODUCT_BUNDLE_IDENTIFIER = com.enablon.Response;
				PRODUCT_NAME = "$(TARGET_NAME)";
				PROVISIONING_PROFILE_SPECIFIER = "";
				SWIFT_VERSION = 4.2;
				TARGETED_DEVICE_FAMILY = 1;
			};
			name = Release;
		};
/* End XCBuildConfiguration section */

/* Begin XCConfigurationList section */
		99050A6D2217213B00417FB2 /* Build configuration list for PBXProject "Enablon Response" */ = {
			isa = XCConfigurationList;
			buildConfigurations = (
				99050A852217213C00417FB2 /* Debug */,
				99050A862217213C00417FB2 /* Release */,
			);
			defaultConfigurationIsVisible = 0;
			defaultConfigurationName = Release;
		};
		99050A872217213C00417FB2 /* Build configuration list for PBXNativeTarget "Enablon Response" */ = {
			isa = XCConfigurationList;
			buildConfigurations = (
				99050A882217213C00417FB2 /* Debug */,
				99050A892217213C00417FB2 /* Release */,
			);
			defaultConfigurationIsVisible = 0;
			defaultConfigurationName = Release;
		};
/* End XCConfigurationList section */

/* Begin XCVersionGroup section */
		99050A7C2217213B00417FB2 /* Enablon_Response.xcdatamodeld */ = {
			isa = XCVersionGroup;
			children = (
				99050A7D2217213B00417FB2 /* Enablon_Response.xcdatamodel */,
			);
			currentVersion = 99050A7D2217213B00417FB2 /* Enablon_Response.xcdatamodel */;
			path = Enablon_Response.xcdatamodeld;
			sourceTree = "<group>";
			versionGroupType = wrapper.xcdatamodel;
		};
/* End XCVersionGroup section */
	};
	rootObject = 99050A6A2217213B00417FB2 /* Project object */;
}
